
Microsoft Visual Studio Solution File, Format Version 12.00
# Visual Studio Version 17
VisualStudioVersion = 17.12.35707.178 d17.12
MinimumVisualStudioVersion = 10.0.40219.1
Project("{FAE04EC0-301F-11D3-BF4B-00C04F79EFBC}") = "01.EqualArrays", "01.qualArrays\01.EqualArrays.csproj", "{9BA82E06-CE4A-4651-8634-DB242901CF43}"
EndProject
Project("{FAE04EC0-301F-11D3-BF4B-00C04F79EFBC}") = "02.CommonElements", "02.CommonElements\02.CommonElements.csproj", "{C72C75B8-96E3-47EC-B580-A5BCE02D0D22}"
EndProject
Project("{FAE04EC0-301F-11D3-BF4B-00C04F79EFBC}") = "03.CondenseArrayToNumber", "03.CondenseArrayToNumber\03.CondenseArrayToNumber.csproj", "{8A646BDD-A6AC-402C-A28C-2F9D20BF60C5}"
EndProject
Project("{FAE04EC0-301F-11D3-BF4B-00C04F79EFBC}") = "04.MagicSum", "04.MagicSum\04.MagicSum.csproj", "{99996269-A834-4F44-8CF3-055F0B289288}"
EndProject
Project("{FAE04EC0-301F-11D3-BF4B-00C04F79EFBC}") = "05.ZigZagArrays", "05.ZigZagArrays\05.ZigZagArrays.csproj", "{4AB6E9C3-85F8-49A3-B2A2-4172E0DC693A}"
EndProject
Project("{FAE04EC0-301F-11D3-BF4B-00C04F79EFBC}") = "06.ArrayRotation", "06.ArrayRotation\06.ArrayRotation.csproj", "{9DCD77B5-D45C-4947-90B8-A5493B64EB0E}"
EndProject
Project("{FAE04EC0-301F-11D3-BF4B-00C04F79EFBC}") = "07.TopIntegers", "07.TopIntegers\07.TopIntegers.csproj", "{7D3EEA4E-B74A-412F-8F8D-64E9094800EB}"
EndProject
Global
	GlobalSection(SolutionConfigurationPlatforms) = preSolution
		Debug|Any CPU = Debug|Any CPU
		Release|Any CPU = Release|Any CPU
	EndGlobalSection
	GlobalSection(ProjectConfigurationPlatforms) = postSolution
		{9BA82E06-CE4A-4651-8634-DB242901CF43}.Debug|Any CPU.ActiveCfg = Debug|Any CPU
		{9BA82E06-CE4A-4651-8634-DB242901CF43}.Debug|Any CPU.Build.0 = Debug|Any CPU
		{9BA82E06-CE4A-4651-8634-DB242901CF43}.Release|Any CPU.ActiveCfg = Release|Any CPU
		{9BA82E06-CE4A-4651-8634-DB242901CF43}.Release|Any CPU.Build.0 = Release|Any CPU
		{C72C75B8-96E3-47EC-B580-A5BCE02D0D22}.Debug|Any CPU.ActiveCfg = Debug|Any CPU
		{C72C75B8-96E3-47EC-B580-A5BCE02D0D22}.Debug|Any CPU.Build.0 = Debug|Any CPU
		{C72C75B8-96E3-47EC-B580-A5BCE02D0D22}.Release|Any CPU.ActiveCfg = Release|Any CPU
		{C72C75B8-96E3-47EC-B580-A5BCE02D0D22}.Release|Any CPU.Build.0 = Release|Any CPU
		{8A646BDD-A6AC-402C-A28C-2F9D20BF60C5}.Debug|Any CPU.ActiveCfg = Debug|Any CPU
		{8A646BDD-A6AC-402C-A28C-2F9D20BF60C5}.Debug|Any CPU.Build.0 = Debug|Any CPU
		{8A646BDD-A6AC-402C-A28C-2F9D20BF60C5}.Release|Any CPU.ActiveCfg = Release|Any CPU
		{8A646BDD-A6AC-402C-A28C-2F9D20BF60C5}.Release|Any CPU.Build.0 = Release|Any CPU
		{99996269-A834-4F44-8CF3-055F0B289288}.Debug|Any CPU.ActiveCfg = Debug|Any CPU
		{99996269-A834-4F44-8CF3-055F0B289288}.Debug|Any CPU.Build.0 = Debug|Any CPU
		{99996269-A834-4F44-8CF3-055F0B289288}.Release|Any CPU.ActiveCfg = Release|Any CPU
		{99996269-A834-4F44-8CF3-055F0B289288}.Release|Any CPU.Build.0 = Release|Any CPU
		{4AB6E9C3-85F8-49A3-B2A2-4172E0DC693A}.Debug|Any CPU.ActiveCfg = Debug|Any CPU
		{4AB6E9C3-85F8-49A3-B2A2-4172E0DC693A}.Debug|Any CPU.Build.0 = Debug|Any CPU
		{4AB6E9C3-85F8-49A3-B2A2-4172E0DC693A}.Release|Any CPU.ActiveCfg = Release|Any CPU
		{4AB6E9C3-85F8-49A3-B2A2-4172E0DC693A}.Release|Any CPU.Build.0 = Release|Any CPU
		{9DCD77B5-D45C-4947-90B8-A5493B64EB0E}.Debug|Any CPU.ActiveCfg = Debug|Any CPU
		{9DCD77B5-D45C-4947-90B8-A5493B64EB0E}.Debug|Any CPU.Build.0 = Debug|Any CPU
		{9DCD77B5-D45C-4947-90B8-A5493B64EB0E}.Release|Any CPU.ActiveCfg = Release|Any CPU
		{9DCD77B5-D45C-4947-90B8-A5493B64EB0E}.Release|Any CPU.Build.0 = Release|Any CPU
		{7D3EEA4E-B74A-412F-8F8D-64E9094800EB}.Debug|Any CPU.ActiveCfg = Debug|Any CPU
		{7D3EEA4E-B74A-412F-8F8D-64E9094800EB}.Debug|Any CPU.Build.0 = Debug|Any CPU
		{7D3EEA4E-B74A-412F-8F8D-64E9094800EB}.Release|Any CPU.ActiveCfg = Release|Any CPU
		{7D3EEA4E-B74A-412F-8F8D-64E9094800EB}.Release|Any CPU.Build.0 = Release|Any CPU
	EndGlobalSection
	GlobalSection(SolutionProperties) = preSolution
		HideSolutionNode = FALSE
	EndGlobalSection
EndGlobal
